
Microsoft Visual Studio Solution File, Format Version 12.00
# Visual Studio Version 17
VisualStudioVersion = 17.3.32929.385
MinimumVisualStudioVersion = 10.0.40219.1
Project("{FAE04EC0-301F-11D3-BF4B-00C04F79EFBC}") = "projektt", "projektt\projektt.csproj", "{A01889E2-D96A-4AB9-AAC2-9E33A6E8BABE}"
EndProject
Global
	GlobalSection(SolutionConfigurationPlatforms) = preSolution
		Debug|Any CPU = Debug|Any CPU
		Release|Any CPU = Release|Any CPU
	EndGlobalSection
	GlobalSection(ProjectConfigurationPlatforms) = postSolution
		{A01889E2-D96A-4AB9-AAC2-9E33A6E8BABE}.Debug|Any CPU.ActiveCfg = Debug|Any CPU
		{A01889E2-D96A-4AB9-AAC2-9E33A6E8BABE}.Debug|Any CPU.Build.0 = Debug|Any CPU
		{A01889E2-D96A-4AB9-AAC2-9E33A6E8BABE}.Release|Any CPU.ActiveCfg = Release|Any CPU
		{A01889E2-D96A-4AB9-AAC2-9E33A6E8BABE}.Release|Any CPU.Build.0 = Release|Any CPU
	EndGlobalSection
	GlobalSection(SolutionProperties) = preSolution
		HideSolutionNode = FALSE
	EndGlobalSection
	GlobalSection(ExtensibilityGlobals) = postSolution
		SolutionGuid = {094C7E6E-AC40-4AEE-8944-079A6CC8B7DF}
	EndGlobalSection
EndGlobal
